
Microsoft Visual Studio Solution File, Format Version 12.00
# Visual Studio Version 17
VisualStudioVersion = 17.11.35222.181
MinimumVisualStudioVersion = 10.0.40219.1
Project("{FAE04EC0-301F-11D3-BF4B-00C04F79EFBC}") = "AnushiyaPortfolio", "AnushiyaPortfolio.csproj", "{3D2860F1-C79D-4657-871F-E1D504DA149C}"
EndProject
Global
	GlobalSection(SolutionConfigurationPlatforms) = preSolution
		Debug|Any CPU = Debug|Any CPU
		Release|Any CPU = Release|Any CPU
	EndGlobalSection
	GlobalSection(ProjectConfigurationPlatforms) = postSolution
		{3D2860F1-C79D-4657-871F-E1D504DA149C}.Debug|Any CPU.ActiveCfg = Debug|Any CPU
		{3D2860F1-C79D-4657-871F-E1D504DA149C}.Debug|Any CPU.Build.0 = Debug|Any CPU
		{3D2860F1-C79D-4657-871F-E1D504DA149C}.Release|Any CPU.ActiveCfg = Release|Any CPU
		{3D2860F1-C79D-4657-871F-E1D504DA149C}.Release|Any CPU.Build.0 = Release|Any CPU
	EndGlobalSection
	GlobalSection(SolutionProperties) = preSolution
		HideSolutionNode = FALSE
	EndGlobalSection
	GlobalSection(ExtensibilityGlobals) = postSolution
		SolutionGuid = {470249EE-5D07-4032-B451-4720F6B3310E}
	EndGlobalSection
EndGlobal
